<?xml version="1.0" encoding="utf-8"?>
<Project ToolsVersion="4.0" xmlns="http://schemas.microsoft.com/developer/msbuild/2003">
  <ItemGroup>
    <Filter Include="Source Files">
      <UniqueIdentifier>{4FC737F1-C7A5-4376-A066-2A32D752A2FF}</UniqueIdentifier>
      <Extensions>cpp;c;cc;cxx;def;odl;idl;hpj;bat;asm;asmx</Extensions>
    </Filter>
    <Filter Include="Header Files">
      <UniqueIdentifier>{93995380-89BD-4b04-88EB-625FBE52EBFB}</UniqueIdentifier>
      <Extensions>h;hpp;hxx;hm;inl;inc;xsd</Extensions>
    </Filter>
    <Filter Include="Resource Files">
      <UniqueIdentifier>{67DA6AB6-F800-4c08-8B7A-83BB121AAD01}</UniqueIdentifier>
      <Extensions>rc;ico;cur;bmp;dlg;rc2;rct;bin;rgs;gif;jpg;jpeg;jpe;resx;tiff;tif;png;wav;mfcribbon-ms</Extensions>
    </Filter>
  </ItemGroup>
  <ItemGroup>
    <None Include="SVGViewer.ico">
      <Filter>Resource Files</Filter>
    </None>
  </ItemGroup>
  <ItemGroup>
    <ClInclude Include="stdafx.h">
      <Filter>Header Files</Filter>
    </ClInclude>
    <ClInclude Include="Resource.h">
      <Filter>Header Files</Filter>
    </ClInclude>
    <ClInclude Include="MyAlloc.h">
      <Filter>Header Files</Filter>
    </ClInclude>
    <ClInclude Include="Helper.h">
      <Filter>Header Files</Filter>
    </ClInclude>
    <ClInclude Include="DList.h">
      <Filter>Header Files</Filter>
    </ClInclude>
    <ClInclude Include="Iterator.h">
      <Filter>Header Files</Filter>
    </ClInclude>
    <ClInclude Include="DListIterator.h">
      <Filter>Header Files</Filter>
    </ClInclude>
    <ClInclude Include="TypeDef.h">
      <Filter>Header Files</Filter>
    </ClInclude>
    <ClInclude Include="targetver.h">
      <Filter>Header Files</Filter>
    </ClInclude>
    <ClInclude Include="SvgDumper.h">
      <Filter>Header Files</Filter>
    </ClInclude>
    <ClInclude Include="SvgParser.h">
      <Filter>Header Files</Filter>
    </ClInclude>
    <ClInclude Include="SvgReader.h">
      <Filter>Header Files</Filter>
    </ClInclude>
    <ClInclude Include="SvgToken.h">
      <Filter>Header Files</Filter>
    </ClInclude>
    <ClInclude Include="SvgTokenizer.h">
      <Filter>Header Files</Filter>
    </ClInclude>
    <ClInclude Include="SvgViewer.h">
      <Filter>Header Files</Filter>
    </ClInclude>
    <ClInclude Include="SvgDom.h">
      <Filter>Header Files</Filter>
    </ClInclude>
    <ClInclude Include="SvgRenderTreeBuilder.h">
      <Filter>Header Files</Filter>
    </ClInclude>
    <ClInclude Include="SvgDomBuilder.h">
      <Filter>Header Files</Filter>
    </ClInclude>
    <ClInclude Include="SvgRenderer_GdiPlus.h">
      <Filter>Header Files</Filter>
    </ClInclude>
    <ClInclude Include="SvgRenderObject.h">
      <Filter>Header Files</Filter>
    </ClInclude>
  </ItemGroup>
  <ItemGroup>
    <ClCompile Include="stdafx.cpp">
      <Filter>Source Files</Filter>
    </ClCompile>
    <ClCompile Include="DList.c">
      <Filter>Source Files</Filter>
    </ClCompile>
    <ClCompile Include="DListIterator.c">
      <Filter>Source Files</Filter>
    </ClCompile>
    <ClCompile Include="Helper.c">
      <Filter>Source Files</Filter>
    </ClCompile>
    <ClCompile Include="MyAlloc.c">
      <Filter>Source Files</Filter>
    </ClCompile>
    <ClCompile Include="SvgDumper.c">
      <Filter>Source Files</Filter>
    </ClCompile>
    <ClCompile Include="SvgParser.c">
      <Filter>Source Files</Filter>
    </ClCompile>
    <ClCompile Include="SvgReader.c">
      <Filter>Source Files</Filter>
    </ClCompile>
    <ClCompile Include="SvgToken.c">
      <Filter>Source Files</Filter>
    </ClCompile>
    <ClCompile Include="SvgTokenizer.c">
      <Filter>Source Files</Filter>
    </ClCompile>
    <ClCompile Include="SvgViewer.cpp">
      <Filter>Source Files</Filter>
    </ClCompile>
    <ClCompile Include="SvgDom.c">
      <Filter>Source Files</Filter>
    </ClCompile>
    <ClCompile Include="SvgDomBuilder.c">
      <Filter>Source Files</Filter>
    </ClCompile>
    <ClCompile Include="SvgRenderer_GdiPlus.cpp">
      <Filter>Source Files</Filter>
    </ClCompile>
    <ClCompile Include="SvgRenderObject.cpp">
      <Filter>Source Files</Filter>
    </ClCompile>
    <ClCompile Include="TypeDef.c">
      <Filter>Source Files</Filter>
    </ClCompile>
    <ClCompile Include="SvgRenderTreeBuilder.cpp">
      <Filter>Source Files</Filter>
    </ClCompile>
  </ItemGroup>
  <ItemGroup>
    <ResourceCompile Include="SVGViewer.rc">
      <Filter>Resource Files</Filter>
    </ResourceCompile>
  </ItemGroup>
</Project>